
Microsoft Visual Studio Solution File, Format Version 12.00
# Visual Studio Version 17
VisualStudioVersion = 17.9.34616.47
MinimumVisualStudioVersion = 10.0.40219.1
Project("{9A19103F-16F7-4668-BE54-9A1E7A4F7556}") = "POC_Implementation_EFCore", "POC_Implementation_EFCore\POC_Implementation_EFCore.csproj", "{02EDBFE1-78E1-4886-AC4C-9174357E7010}"
EndProject
Project("{FAE04EC0-301F-11D3-BF4B-00C04F79EFBC}") = "POC_DataAccess", "POC_DataAccess\POC_DataAccess.csproj", "{D60AD7D4-4C3D-4457-8F21-311B50DC0C46}"
EndProject
Project("{FAE04EC0-301F-11D3-BF4B-00C04F79EFBC}") = "POC_Models", "POC_Models\POC_Models.csproj", "{09E54DED-2A5A-4DFF-963B-5BFB9B8F7AA8}"
EndProject
Global
	GlobalSection(SolutionConfigurationPlatforms) = preSolution
		Debug|Any CPU = Debug|Any CPU
		Release|Any CPU = Release|Any CPU
	EndGlobalSection
	GlobalSection(ProjectConfigurationPlatforms) = postSolution
		{02EDBFE1-78E1-4886-AC4C-9174357E7010}.Debug|Any CPU.ActiveCfg = Debug|Any CPU
		{02EDBFE1-78E1-4886-AC4C-9174357E7010}.Debug|Any CPU.Build.0 = Debug|Any CPU
		{02EDBFE1-78E1-4886-AC4C-9174357E7010}.Release|Any CPU.ActiveCfg = Release|Any CPU
		{02EDBFE1-78E1-4886-AC4C-9174357E7010}.Release|Any CPU.Build.0 = Release|Any CPU
		{D60AD7D4-4C3D-4457-8F21-311B50DC0C46}.Debug|Any CPU.ActiveCfg = Debug|Any CPU
		{D60AD7D4-4C3D-4457-8F21-311B50DC0C46}.Debug|Any CPU.Build.0 = Debug|Any CPU
		{D60AD7D4-4C3D-4457-8F21-311B50DC0C46}.Release|Any CPU.ActiveCfg = Release|Any CPU
		{D60AD7D4-4C3D-4457-8F21-311B50DC0C46}.Release|Any CPU.Build.0 = Release|Any CPU
		{09E54DED-2A5A-4DFF-963B-5BFB9B8F7AA8}.Debug|Any CPU.ActiveCfg = Debug|Any CPU
		{09E54DED-2A5A-4DFF-963B-5BFB9B8F7AA8}.Debug|Any CPU.Build.0 = Debug|Any CPU
		{09E54DED-2A5A-4DFF-963B-5BFB9B8F7AA8}.Release|Any CPU.ActiveCfg = Release|Any CPU
		{09E54DED-2A5A-4DFF-963B-5BFB9B8F7AA8}.Release|Any CPU.Build.0 = Release|Any CPU
	EndGlobalSection
	GlobalSection(SolutionProperties) = preSolution
		HideSolutionNode = FALSE
	EndGlobalSection
	GlobalSection(ExtensibilityGlobals) = postSolution
		SolutionGuid = {4FEB06C5-03F2-41D2-B8AA-0A7940DA92B6}
	EndGlobalSection
EndGlobal
